
Microsoft Visual Studio Solution File, Format Version 12.00
# Visual Studio 15
VisualStudioVersion = 15.0.27004.2008
MinimumVisualStudioVersion = 10.0.40219.1
Project("{FAE04EC0-301F-11D3-BF4B-00C04F79EFBC}") = "GUI", "GUI\GUI.csproj", "{1A652E61-D7D7-49A9-958D-AB83E9C186C5}"
EndProject
Project("{8BC9CEB8-8B4A-11D0-8D11-00A0C91BC942}") = "FileSystem", "FileSystem-Windows\FileSystemDemo\FileSystemDemo.vcxproj", "{EF4A3188-CA93-45A2-AB52-7548669E3AA8}"
EndProject
Project("{8BC9CEB8-8B4A-11D0-8D11-00A0C91BC942}") = "MsgPassingComm", "CppCommWithFileXfer\MsgPassingComm\MsgPassingComm.vcxproj", "{6E58E051-CC07-4D7F-92A4-06A117A79CA7}"
EndProject
Project("{8BC9CEB8-8B4A-11D0-8D11-00A0C91BC942}") = "ServerPrototype", "ServerPrototype\ServerPrototype.vcxproj", "{FD4E1C9E-ECA7-49CD-A3CE-B9F99864B835}"
EndProject
Project("{8BC9CEB8-8B4A-11D0-8D11-00A0C91BC942}") = "Utilities", "CppCommWithFileXfer\Utilities\Utilities.vcxproj", "{462B43B2-8B13-4178-BF2A-903F76F1985C}"
EndProject
Project("{8BC9CEB8-8B4A-11D0-8D11-00A0C91BC942}") = "Message", "CppCommWithFileXfer\Message\Message.vcxproj", "{4133D528-AB6D-4CCD-AF37-67536F36154C}"
EndProject
Project("{8BC9CEB8-8B4A-11D0-8D11-00A0C91BC942}") = "Sockets", "CppCommWithFileXfer\Sockets\Sockets.vcxproj", "{CA3129B8-1BF4-44C9-B116-53EC72D0BCCB}"
EndProject
Project("{8BC9CEB8-8B4A-11D0-8D11-00A0C91BC942}") = "Translater", "Translater\Translater.vcxproj", "{6105617E-3D4C-4914-BA33-E3D053496BA3}"
EndProject
Project("{8BC9CEB8-8B4A-11D0-8D11-00A0C91BC942}") = "CommLibWrapper", "CommLibWrapper\CommLibWrapper.vcxproj", "{B1DB1846-C0FC-48EF-80E4-DC556E9240FA}"
EndProject
Project("{2150E333-8FDC-42A3-9474-1A3956D46DE8}") = "Solution Items", "Solution Items", "{D1EF5AAB-E0BC-4048-83FE-FD84FEBD28AC}"
	ProjectSection(SolutionItems) = preProject
		About.txt = About.txt
		Build.txt = Build.txt
		Parts.txt = Parts.txt
		ToDo.txt = ToDo.txt
	EndProjectSection
EndProject
Project("{8BC9CEB8-8B4A-11D0-8D11-00A0C91BC942}") = "Process", "Process\Process\Process.vcxproj", "{5E2548A1-C280-49E1-A2B6-55F4BA12B3F2}"
EndProject
Project("{8BC9CEB8-8B4A-11D0-8D11-00A0C91BC942}") = "CodeAnalyzer", "CodeAnalyzer\Analyzer\Executive.vcxproj", "{936434E9-93F0-467B-BBB7-D682483244BA}"
EndProject
Project("{8BC9CEB8-8B4A-11D0-8D11-00A0C91BC942}") = "DbCore", "CppNoSqlDb\DbCore\DbCore.vcxproj", "{9EDDB1B5-90E6-4D4F-8B3B-DBA3E3FFDB7A}"
EndProject
Project("{8BC9CEB8-8B4A-11D0-8D11-00A0C91BC942}") = "PayLoad", "CppNoSqlDb\PayLoad\PayLoad.vcxproj", "{CDEF5B56-A678-444B-A782-F85F542C33BC}"
EndProject
Project("{8BC9CEB8-8B4A-11D0-8D11-00A0C91BC942}") = "DateTime", "CppNoSqlDb\DateTime\DateTime.vcxproj", "{C1E1F450-B7E1-4796-84D5-7D3C831DFF68}"
EndProject
Project("{8BC9CEB8-8B4A-11D0-8D11-00A0C91BC942}") = "XmlDocument", "CppNoSqlDb\XmlDocument\XmlDocument\XmlDocument.vcxproj", "{0A82ECDC-7520-453A-8F2C-D813FEEE7537}"
EndProject
Project("{8BC9CEB8-8B4A-11D0-8D11-00A0C91BC942}") = "Checkin", "Checkin\Checkin.vcxproj", "{942BC61D-A1A6-445C-BEB2-2E5427E7F200}"
EndProject
Project("{8BC9CEB8-8B4A-11D0-8D11-00A0C91BC942}") = "Checkout", "Checkout\Checkout.vcxproj", "{206CBCEE-2B12-426B-8712-06AC58A25577}"
EndProject
Project("{8BC9CEB8-8B4A-11D0-8D11-00A0C91BC942}") = "Version", "Version\Version.vcxproj", "{34358DD5-7F70-473F-A5FA-1F054B8A3E19}"
EndProject
Project("{8BC9CEB8-8B4A-11D0-8D11-00A0C91BC942}") = "Query", "CppNoSqlDb\Query\Query.vcxproj", "{95752F9E-1DB5-4AAB-9F36-F984DF608F26}"
EndProject
Project("{8BC9CEB8-8B4A-11D0-8D11-00A0C91BC942}") = "AutoTest", "AutoTest\AutoTest.vcxproj", "{40F9A498-7076-43AA-8A9F-836A3C8DD43C}"
EndProject
Global
	GlobalSection(SolutionConfigurationPlatforms) = preSolution
		Debug|Any CPU = Debug|Any CPU
		Debug|x64 = Debug|x64
		Debug|x86 = Debug|x86
		Release|Any CPU = Release|Any CPU
		Release|x64 = Release|x64
		Release|x86 = Release|x86
	EndGlobalSection
	GlobalSection(ProjectConfigurationPlatforms) = postSolution
		{1A652E61-D7D7-49A9-958D-AB83E9C186C5}.Debug|Any CPU.ActiveCfg = Debug|x86
		{1A652E61-D7D7-49A9-958D-AB83E9C186C5}.Debug|Any CPU.Build.0 = Debug|x86
		{1A652E61-D7D7-49A9-958D-AB83E9C186C5}.Debug|x64.ActiveCfg = Debug|Any CPU
		{1A652E61-D7D7-49A9-958D-AB83E9C186C5}.Debug|x64.Build.0 = Debug|Any CPU
		{1A652E61-D7D7-49A9-958D-AB83E9C186C5}.Debug|x86.ActiveCfg = Debug|Any CPU
		{1A652E61-D7D7-49A9-958D-AB83E9C186C5}.Debug|x86.Build.0 = Debug|Any CPU
		{1A652E61-D7D7-49A9-958D-AB83E9C186C5}.Release|Any CPU.ActiveCfg = Release|Any CPU
		{1A652E61-D7D7-49A9-958D-AB83E9C186C5}.Release|Any CPU.Build.0 = Release|Any CPU
		{1A652E61-D7D7-49A9-958D-AB83E9C186C5}.Release|x64.ActiveCfg = Release|Any CPU
		{1A652E61-D7D7-49A9-958D-AB83E9C186C5}.Release|x64.Build.0 = Release|Any CPU
		{1A652E61-D7D7-49A9-958D-AB83E9C186C5}.Release|x86.ActiveCfg = Release|Any CPU
		{1A652E61-D7D7-49A9-958D-AB83E9C186C5}.Release|x86.Build.0 = Release|Any CPU
		{EF4A3188-CA93-45A2-AB52-7548669E3AA8}.Debug|Any CPU.ActiveCfg = Debug|Win32
		{EF4A3188-CA93-45A2-AB52-7548669E3AA8}.Debug|Any CPU.Build.0 = Debug|Win32
		{EF4A3188-CA93-45A2-AB52-7548669E3AA8}.Debug|x64.ActiveCfg = Debug|Win32
		{EF4A3188-CA93-45A2-AB52-7548669E3AA8}.Debug|x86.ActiveCfg = Debug|Win32
		{EF4A3188-CA93-45A2-AB52-7548669E3AA8}.Debug|x86.Build.0 = Debug|Win32
		{EF4A3188-CA93-45A2-AB52-7548669E3AA8}.Release|Any CPU.ActiveCfg = Release|Win32
		{EF4A3188-CA93-45A2-AB52-7548669E3AA8}.Release|x64.ActiveCfg = Release|Win32
		{EF4A3188-CA93-45A2-AB52-7548669E3AA8}.Release|x86.ActiveCfg = Release|Win32
		{EF4A3188-CA93-45A2-AB52-7548669E3AA8}.Release|x86.Build.0 = Release|Win32
		{6E58E051-CC07-4D7F-92A4-06A117A79CA7}.Debug|Any CPU.ActiveCfg = Debug|Win32
		{6E58E051-CC07-4D7F-92A4-06A117A79CA7}.Debug|Any CPU.Build.0 = Debug|Win32
		{6E58E051-CC07-4D7F-92A4-06A117A79CA7}.Debug|x64.ActiveCfg = Debug|x64
		{6E58E051-CC07-4D7F-92A4-06A117A79CA7}.Debug|x64.Build.0 = Debug|x64
		{6E58E051-CC07-4D7F-92A4-06A117A79CA7}.Debug|x86.ActiveCfg = Debug|Win32
		{6E58E051-CC07-4D7F-92A4-06A117A79CA7}.Debug|x86.Build.0 = Debug|Win32
		{6E58E051-CC07-4D7F-92A4-06A117A79CA7}.Release|Any CPU.ActiveCfg = Release|Win32
		{6E58E051-CC07-4D7F-92A4-06A117A79CA7}.Release|x64.ActiveCfg = Release|x64
		{6E58E051-CC07-4D7F-92A4-06A117A79CA7}.Release|x64.Build.0 = Release|x64
		{6E58E051-CC07-4D7F-92A4-06A117A79CA7}.Release|x86.ActiveCfg = Release|Win32
		{6E58E051-CC07-4D7F-92A4-06A117A79CA7}.Release|x86.Build.0 = Release|Win32
		{FD4E1C9E-ECA7-49CD-A3CE-B9F99864B835}.Debug|Any CPU.ActiveCfg = Debug|Win32
		{FD4E1C9E-ECA7-49CD-A3CE-B9F99864B835}.Debug|Any CPU.Build.0 = Debug|Win32
		{FD4E1C9E-ECA7-49CD-A3CE-B9F99864B835}.Debug|x64.ActiveCfg = Debug|x64
		{FD4E1C9E-ECA7-49CD-A3CE-B9F99864B835}.Debug|x64.Build.0 = Debug|x64
		{FD4E1C9E-ECA7-49CD-A3CE-B9F99864B835}.Debug|x86.ActiveCfg = Debug|Win32
		{FD4E1C9E-ECA7-49CD-A3CE-B9F99864B835}.Debug|x86.Build.0 = Debug|Win32
		{FD4E1C9E-ECA7-49CD-A3CE-B9F99864B835}.Release|Any CPU.ActiveCfg = Release|Win32
		{FD4E1C9E-ECA7-49CD-A3CE-B9F99864B835}.Release|x64.ActiveCfg = Release|x64
		{FD4E1C9E-ECA7-49CD-A3CE-B9F99864B835}.Release|x64.Build.0 = Release|x64
		{FD4E1C9E-ECA7-49CD-A3CE-B9F99864B835}.Release|x86.ActiveCfg = Release|Win32
		{FD4E1C9E-ECA7-49CD-A3CE-B9F99864B835}.Release|x86.Build.0 = Release|Win32
		{462B43B2-8B13-4178-BF2A-903F76F1985C}.Debug|Any CPU.ActiveCfg = Debug|Win32
		{462B43B2-8B13-4178-BF2A-903F76F1985C}.Debug|Any CPU.Build.0 = Debug|Win32
		{462B43B2-8B13-4178-BF2A-903F76F1985C}.Debug|x64.ActiveCfg = Debug|x64
		{462B43B2-8B13-4178-BF2A-903F76F1985C}.Debug|x64.Build.0 = Debug|x64
		{462B43B2-8B13-4178-BF2A-903F76F1985C}.Debug|x86.ActiveCfg = Debug|Win32
		{462B43B2-8B13-4178-BF2A-903F76F1985C}.Debug|x86.Build.0 = Debug|Win32
		{462B43B2-8B13-4178-BF2A-903F76F1985C}.Release|Any CPU.ActiveCfg = Release|Win32
		{462B43B2-8B13-4178-BF2A-903F76F1985C}.Release|x64.ActiveCfg = Release|x64
		{462B43B2-8B13-4178-BF2A-903F76F1985C}.Release|x64.Build.0 = Release|x64
		{462B43B2-8B13-4178-BF2A-903F76F1985C}.Release|x86.ActiveCfg = Release|Win32
		{462B43B2-8B13-4178-BF2A-903F76F1985C}.Release|x86.Build.0 = Release|Win32
		{4133D528-AB6D-4CCD-AF37-67536F36154C}.Debug|Any CPU.ActiveCfg = Debug|Win32
		{4133D528-AB6D-4CCD-AF37-67536F36154C}.Debug|Any CPU.Build.0 = Debug|Win32
		{4133D528-AB6D-4CCD-AF37-67536F36154C}.Debug|x64.ActiveCfg = Debug|x64
		{4133D528-AB6D-4CCD-AF37-67536F36154C}.Debug|x64.Build.0 = Debug|x64
		{4133D528-AB6D-4CCD-AF37-67536F36154C}.Debug|x86.ActiveCfg = Debug|Win32
		{4133D528-AB6D-4CCD-AF37-67536F36154C}.Debug|x86.Build.0 = Debug|Win32
		{4133D528-AB6D-4CCD-AF37-67536F36154C}.Release|Any CPU.ActiveCfg = Release|Win32
		{4133D528-AB6D-4CCD-AF37-67536F36154C}.Release|x64.ActiveCfg = Release|x64
		{4133D528-AB6D-4CCD-AF37-67536F36154C}.Release|x64.Build.0 = Release|x64
		{4133D528-AB6D-4CCD-AF37-67536F36154C}.Release|x86.ActiveCfg = Release|Win32
		{4133D528-AB6D-4CCD-AF37-67536F36154C}.Release|x86.Build.0 = Release|Win32
		{CA3129B8-1BF4-44C9-B116-53EC72D0BCCB}.Debug|Any CPU.ActiveCfg = Debug|Win32
		{CA3129B8-1BF4-44C9-B116-53EC72D0BCCB}.Debug|Any CPU.Build.0 = Debug|Win32
		{CA3129B8-1BF4-44C9-B116-53EC72D0BCCB}.Debug|x64.ActiveCfg = Debug|Win32
		{CA3129B8-1BF4-44C9-B116-53EC72D0BCCB}.Debug|x86.ActiveCfg = Debug|Win32
		{CA3129B8-1BF4-44C9-B116-53EC72D0BCCB}.Debug|x86.Build.0 = Debug|Win32
		{CA3129B8-1BF4-44C9-B116-53EC72D0BCCB}.Release|Any CPU.ActiveCfg = Release|Win32
		{CA3129B8-1BF4-44C9-B116-53EC72D0BCCB}.Release|x64.ActiveCfg = Release|Win32
		{CA3129B8-1BF4-44C9-B116-53EC72D0BCCB}.Release|x86.ActiveCfg = Release|Win32
		{CA3129B8-1BF4-44C9-B116-53EC72D0BCCB}.Release|x86.Build.0 = Release|Win32
		{6105617E-3D4C-4914-BA33-E3D053496BA3}.Debug|Any CPU.ActiveCfg = Debug|Win32
		{6105617E-3D4C-4914-BA33-E3D053496BA3}.Debug|Any CPU.Build.0 = Debug|Win32
		{6105617E-3D4C-4914-BA33-E3D053496BA3}.Debug|x64.ActiveCfg = Debug|x64
		{6105617E-3D4C-4914-BA33-E3D053496BA3}.Debug|x64.Build.0 = Debug|x64
		{6105617E-3D4C-4914-BA33-E3D053496BA3}.Debug|x86.ActiveCfg = Debug|Win32
		{6105617E-3D4C-4914-BA33-E3D053496BA3}.Debug|x86.Build.0 = Debug|Win32
		{6105617E-3D4C-4914-BA33-E3D053496BA3}.Release|Any CPU.ActiveCfg = Release|Win32
		{6105617E-3D4C-4914-BA33-E3D053496BA3}.Release|x64.ActiveCfg = Release|x64
		{6105617E-3D4C-4914-BA33-E3D053496BA3}.Release|x64.Build.0 = Release|x64
		{6105617E-3D4C-4914-BA33-E3D053496BA3}.Release|x86.ActiveCfg = Release|Win32
		{6105617E-3D4C-4914-BA33-E3D053496BA3}.Release|x86.Build.0 = Release|Win32
		{B1DB1846-C0FC-48EF-80E4-DC556E9240FA}.Debug|Any CPU.ActiveCfg = Debug|Win32
		{B1DB1846-C0FC-48EF-80E4-DC556E9240FA}.Debug|Any CPU.Build.0 = Debug|Win32
		{B1DB1846-C0FC-48EF-80E4-DC556E9240FA}.Debug|x64.ActiveCfg = Debug|x64
		{B1DB1846-C0FC-48EF-80E4-DC556E9240FA}.Debug|x64.Build.0 = Debug|x64
		{B1DB1846-C0FC-48EF-80E4-DC556E9240FA}.Debug|x86.ActiveCfg = Debug|Win32
		{B1DB1846-C0FC-48EF-80E4-DC556E9240FA}.Debug|x86.Build.0 = Debug|Win32
		{B1DB1846-C0FC-48EF-80E4-DC556E9240FA}.Release|Any CPU.ActiveCfg = Release|Win32
		{B1DB1846-C0FC-48EF-80E4-DC556E9240FA}.Release|x64.ActiveCfg = Release|x64
		{B1DB1846-C0FC-48EF-80E4-DC556E9240FA}.Release|x64.Build.0 = Release|x64
		{B1DB1846-C0FC-48EF-80E4-DC556E9240FA}.Release|x86.ActiveCfg = Release|Win32
		{B1DB1846-C0FC-48EF-80E4-DC556E9240FA}.Release|x86.Build.0 = Release|Win32
		{5E2548A1-C280-49E1-A2B6-55F4BA12B3F2}.Debug|Any CPU.ActiveCfg = Debug|Win32
		{5E2548A1-C280-49E1-A2B6-55F4BA12B3F2}.Debug|Any CPU.Build.0 = Debug|Win32
		{5E2548A1-C280-49E1-A2B6-55F4BA12B3F2}.Debug|x64.ActiveCfg = Debug|x64
		{5E2548A1-C280-49E1-A2B6-55F4BA12B3F2}.Debug|x64.Build.0 = Debug|x64
		{5E2548A1-C280-49E1-A2B6-55F4BA12B3F2}.Debug|x86.ActiveCfg = Debug|Win32
		{5E2548A1-C280-49E1-A2B6-55F4BA12B3F2}.Debug|x86.Build.0 = Debug|Win32
		{5E2548A1-C280-49E1-A2B6-55F4BA12B3F2}.Release|Any CPU.ActiveCfg = Release|Win32
		{5E2548A1-C280-49E1-A2B6-55F4BA12B3F2}.Release|x64.ActiveCfg = Release|x64
		{5E2548A1-C280-49E1-A2B6-55F4BA12B3F2}.Release|x64.Build.0 = Release|x64
		{5E2548A1-C280-49E1-A2B6-55F4BA12B3F2}.Release|x86.ActiveCfg = Release|Win32
		{5E2548A1-C280-49E1-A2B6-55F4BA12B3F2}.Release|x86.Build.0 = Release|Win32
		{936434E9-93F0-467B-BBB7-D682483244BA}.Debug|Any CPU.ActiveCfg = Debug|Win32
		{936434E9-93F0-467B-BBB7-D682483244BA}.Debug|Any CPU.Build.0 = Debug|Win32
		{936434E9-93F0-467B-BBB7-D682483244BA}.Debug|x64.ActiveCfg = Debug|x64
		{936434E9-93F0-467B-BBB7-D682483244BA}.Debug|x64.Build.0 = Debug|x64
		{936434E9-93F0-467B-BBB7-D682483244BA}.Debug|x86.ActiveCfg = Debug|Win32
		{936434E9-93F0-467B-BBB7-D682483244BA}.Debug|x86.Build.0 = Debug|Win32
		{936434E9-93F0-467B-BBB7-D682483244BA}.Release|Any CPU.ActiveCfg = Release|Win32
		{936434E9-93F0-467B-BBB7-D682483244BA}.Release|x64.ActiveCfg = Release|x64
		{936434E9-93F0-467B-BBB7-D682483244BA}.Release|x64.Build.0 = Release|x64
		{936434E9-93F0-467B-BBB7-D682483244BA}.Release|x86.ActiveCfg = Release|Win32
		{936434E9-93F0-467B-BBB7-D682483244BA}.Release|x86.Build.0 = Release|Win32
		{9EDDB1B5-90E6-4D4F-8B3B-DBA3E3FFDB7A}.Debug|Any CPU.ActiveCfg = Debug|Win32
		{9EDDB1B5-90E6-4D4F-8B3B-DBA3E3FFDB7A}.Debug|x64.ActiveCfg = Debug|x64
		{9EDDB1B5-90E6-4D4F-8B3B-DBA3E3FFDB7A}.Debug|x64.Build.0 = Debug|x64
		{9EDDB1B5-90E6-4D4F-8B3B-DBA3E3FFDB7A}.Debug|x86.ActiveCfg = Debug|Win32
		{9EDDB1B5-90E6-4D4F-8B3B-DBA3E3FFDB7A}.Debug|x86.Build.0 = Debug|Win32
		{9EDDB1B5-90E6-4D4F-8B3B-DBA3E3FFDB7A}.Release|Any CPU.ActiveCfg = Release|Win32
		{9EDDB1B5-90E6-4D4F-8B3B-DBA3E3FFDB7A}.Release|x64.ActiveCfg = Release|x64
		{9EDDB1B5-90E6-4D4F-8B3B-DBA3E3FFDB7A}.Release|x64.Build.0 = Release|x64
		{9EDDB1B5-90E6-4D4F-8B3B-DBA3E3FFDB7A}.Release|x86.ActiveCfg = Release|Win32
		{9EDDB1B5-90E6-4D4F-8B3B-DBA3E3FFDB7A}.Release|x86.Build.0 = Release|Win32
		{CDEF5B56-A678-444B-A782-F85F542C33BC}.Debug|Any CPU.ActiveCfg = Debug|Win32
		{CDEF5B56-A678-444B-A782-F85F542C33BC}.Debug|x64.ActiveCfg = Debug|x64
		{CDEF5B56-A678-444B-A782-F85F542C33BC}.Debug|x64.Build.0 = Debug|x64
		{CDEF5B56-A678-444B-A782-F85F542C33BC}.Debug|x86.ActiveCfg = Debug|Win32
		{CDEF5B56-A678-444B-A782-F85F542C33BC}.Debug|x86.Build.0 = Debug|Win32
		{CDEF5B56-A678-444B-A782-F85F542C33BC}.Release|Any CPU.ActiveCfg = Release|Win32
		{CDEF5B56-A678-444B-A782-F85F542C33BC}.Release|x64.ActiveCfg = Release|x64
		{CDEF5B56-A678-444B-A782-F85F542C33BC}.Release|x64.Build.0 = Release|x64
		{CDEF5B56-A678-444B-A782-F85F542C33BC}.Release|x86.ActiveCfg = Release|Win32
		{CDEF5B56-A678-444B-A782-F85F542C33BC}.Release|x86.Build.0 = Release|Win32
		{C1E1F450-B7E1-4796-84D5-7D3C831DFF68}.Debug|Any CPU.ActiveCfg = Debug|Win32
		{C1E1F450-B7E1-4796-84D5-7D3C831DFF68}.Debug|x64.ActiveCfg = Debug|x64
		{C1E1F450-B7E1-4796-84D5-7D3C831DFF68}.Debug|x64.Build.0 = Debug|x64
		{C1E1F450-B7E1-4796-84D5-7D3C831DFF68}.Debug|x86.ActiveCfg = Debug|Win32
		{C1E1F450-B7E1-4796-84D5-7D3C831DFF68}.Debug|x86.Build.0 = Debug|Win32
		{C1E1F450-B7E1-4796-84D5-7D3C831DFF68}.Release|Any CPU.ActiveCfg = Release|Win32
		{C1E1F450-B7E1-4796-84D5-7D3C831DFF68}.Release|x64.ActiveCfg = Release|x64
		{C1E1F450-B7E1-4796-84D5-7D3C831DFF68}.Release|x64.Build.0 = Release|x64
		{C1E1F450-B7E1-4796-84D5-7D3C831DFF68}.Release|x86.ActiveCfg = Release|Win32
		{C1E1F450-B7E1-4796-84D5-7D3C831DFF68}.Release|x86.Build.0 = Release|Win32
		{0A82ECDC-7520-453A-8F2C-D813FEEE7537}.Debug|Any CPU.ActiveCfg = Debug|Win32
		{0A82ECDC-7520-453A-8F2C-D813FEEE7537}.Debug|x64.ActiveCfg = Debug|Win32
		{0A82ECDC-7520-453A-8F2C-D813FEEE7537}.Debug|x86.ActiveCfg = Debug|Win32
		{0A82ECDC-7520-453A-8F2C-D813FEEE7537}.Debug|x86.Build.0 = Debug|Win32
		{0A82ECDC-7520-453A-8F2C-D813FEEE7537}.Release|Any CPU.ActiveCfg = Release|Win32
		{0A82ECDC-7520-453A-8F2C-D813FEEE7537}.Release|x64.ActiveCfg = Release|Win32
		{0A82ECDC-7520-453A-8F2C-D813FEEE7537}.Release|x86.ActiveCfg = Release|Win32
		{0A82ECDC-7520-453A-8F2C-D813FEEE7537}.Release|x86.Build.0 = Release|Win32
		{942BC61D-A1A6-445C-BEB2-2E5427E7F200}.Debug|Any CPU.ActiveCfg = Debug|Win32
		{942BC61D-A1A6-445C-BEB2-2E5427E7F200}.Debug|x64.ActiveCfg = Debug|x64
		{942BC61D-A1A6-445C-BEB2-2E5427E7F200}.Debug|x64.Build.0 = Debug|x64
		{942BC61D-A1A6-445C-BEB2-2E5427E7F200}.Debug|x86.ActiveCfg = Debug|Win32
		{942BC61D-A1A6-445C-BEB2-2E5427E7F200}.Debug|x86.Build.0 = Debug|Win32
		{942BC61D-A1A6-445C-BEB2-2E5427E7F200}.Release|Any CPU.ActiveCfg = Release|Win32
		{942BC61D-A1A6-445C-BEB2-2E5427E7F200}.Release|x64.ActiveCfg = Release|x64
		{942BC61D-A1A6-445C-BEB2-2E5427E7F200}.Release|x64.Build.0 = Release|x64
		{942BC61D-A1A6-445C-BEB2-2E5427E7F200}.Release|x86.ActiveCfg = Release|Win32
		{942BC61D-A1A6-445C-BEB2-2E5427E7F200}.Release|x86.Build.0 = Release|Win32
		{206CBCEE-2B12-426B-8712-06AC58A25577}.Debug|Any CPU.ActiveCfg = Debug|Win32
		{206CBCEE-2B12-426B-8712-06AC58A25577}.Debug|x64.ActiveCfg = Debug|x64
		{206CBCEE-2B12-426B-8712-06AC58A25577}.Debug|x64.Build.0 = Debug|x64
		{206CBCEE-2B12-426B-8712-06AC58A25577}.Debug|x86.ActiveCfg = Debug|Win32
		{206CBCEE-2B12-426B-8712-06AC58A25577}.Debug|x86.Build.0 = Debug|Win32
		{206CBCEE-2B12-426B-8712-06AC58A25577}.Release|Any CPU.ActiveCfg = Release|Win32
		{206CBCEE-2B12-426B-8712-06AC58A25577}.Release|x64.ActiveCfg = Release|x64
		{206CBCEE-2B12-426B-8712-06AC58A25577}.Release|x64.Build.0 = Release|x64
		{206CBCEE-2B12-426B-8712-06AC58A25577}.Release|x86.ActiveCfg = Release|Win32
		{206CBCEE-2B12-426B-8712-06AC58A25577}.Release|x86.Build.0 = Release|Win32
		{34358DD5-7F70-473F-A5FA-1F054B8A3E19}.Debug|Any CPU.ActiveCfg = Debug|Win32
		{34358DD5-7F70-473F-A5FA-1F054B8A3E19}.Debug|x64.ActiveCfg = Debug|x64
		{34358DD5-7F70-473F-A5FA-1F054B8A3E19}.Debug|x64.Build.0 = Debug|x64
		{34358DD5-7F70-473F-A5FA-1F054B8A3E19}.Debug|x86.ActiveCfg = Debug|Win32
		{34358DD5-7F70-473F-A5FA-1F054B8A3E19}.Debug|x86.Build.0 = Debug|Win32
		{34358DD5-7F70-473F-A5FA-1F054B8A3E19}.Release|Any CPU.ActiveCfg = Release|Win32
		{34358DD5-7F70-473F-A5FA-1F054B8A3E19}.Release|x64.ActiveCfg = Release|x64
		{34358DD5-7F70-473F-A5FA-1F054B8A3E19}.Release|x64.Build.0 = Release|x64
		{34358DD5-7F70-473F-A5FA-1F054B8A3E19}.Release|x86.ActiveCfg = Release|Win32
		{34358DD5-7F70-473F-A5FA-1F054B8A3E19}.Release|x86.Build.0 = Release|Win32
		{95752F9E-1DB5-4AAB-9F36-F984DF608F26}.Debug|Any CPU.ActiveCfg = Debug|Win32
		{95752F9E-1DB5-4AAB-9F36-F984DF608F26}.Debug|x64.ActiveCfg = Debug|x64
		{95752F9E-1DB5-4AAB-9F36-F984DF608F26}.Debug|x64.Build.0 = Debug|x64
		{95752F9E-1DB5-4AAB-9F36-F984DF608F26}.Debug|x86.ActiveCfg = Debug|Win32
		{95752F9E-1DB5-4AAB-9F36-F984DF608F26}.Debug|x86.Build.0 = Debug|Win32
		{95752F9E-1DB5-4AAB-9F36-F984DF608F26}.Release|Any CPU.ActiveCfg = Release|Win32
		{95752F9E-1DB5-4AAB-9F36-F984DF608F26}.Release|x64.ActiveCfg = Release|x64
		{95752F9E-1DB5-4AAB-9F36-F984DF608F26}.Release|x64.Build.0 = Release|x64
		{95752F9E-1DB5-4AAB-9F36-F984DF608F26}.Release|x86.ActiveCfg = Release|Win32
		{95752F9E-1DB5-4AAB-9F36-F984DF608F26}.Release|x86.Build.0 = Release|Win32
		{40F9A498-7076-43AA-8A9F-836A3C8DD43C}.Debug|Any CPU.ActiveCfg = Debug|Win32
		{40F9A498-7076-43AA-8A9F-836A3C8DD43C}.Debug|x64.ActiveCfg = Debug|x64
		{40F9A498-7076-43AA-8A9F-836A3C8DD43C}.Debug|x64.Build.0 = Debug|x64
		{40F9A498-7076-43AA-8A9F-836A3C8DD43C}.Debug|x86.ActiveCfg = Debug|Win32
		{40F9A498-7076-43AA-8A9F-836A3C8DD43C}.Debug|x86.Build.0 = Debug|Win32
		{40F9A498-7076-43AA-8A9F-836A3C8DD43C}.Release|Any CPU.ActiveCfg = Release|Win32
		{40F9A498-7076-43AA-8A9F-836A3C8DD43C}.Release|x64.ActiveCfg = Release|x64
		{40F9A498-7076-43AA-8A9F-836A3C8DD43C}.Release|x64.Build.0 = Release|x64
		{40F9A498-7076-43AA-8A9F-836A3C8DD43C}.Release|x86.ActiveCfg = Release|Win32
		{40F9A498-7076-43AA-8A9F-836A3C8DD43C}.Release|x86.Build.0 = Release|Win32
	EndGlobalSection
	GlobalSection(SolutionProperties) = preSolution
		HideSolutionNode = FALSE
	EndGlobalSection
	GlobalSection(ExtensibilityGlobals) = postSolution
		SolutionGuid = {D6E296E3-1CFC-4F9A-B4A1-261670E13E2C}
	EndGlobalSection
EndGlobal
